{
  "version": 4,
  "terraform_version": "1.1.4",
  "serial": 12,
  "lineage": "bfcc80f1-f303-c009-2e44-e7f3b4ca31e3",
  "outputs": {
    "deployment_master": {
      "value": {
        "id": "jmeter/jmeter-master",
        "metadata": [
          {
            "annotations": null,
            "generate_name": "",
            "generation": 0,
            "labels": {
              "component": "master",
              "instance": "jmeter-master",
              "managed-by": "terraform",
              "name": "jmeter",
              "part-of": "jmeter",
              "version": "5.4-plugins"
            },
            "name": "jmeter-master",
            "namespace": "jmeter",
            "resource_version": "14643",
            "uid": "d7377a6a-f4f2-4e04-95b3-1ee001bb9db9"
          }
        ],
        "spec": [
          {
            "active_deadline_seconds": 0,
            "affinity": [],
            "automount_service_account_token": true,
            "container": [
              {
                "args": [
                  "master"
                ],
                "command": null,
                "env": [],
                "env_from": [],
                "image": "anasoid/jmeter:5.4-plugins",
                "image_pull_policy": "IfNotPresent",
                "lifecycle": [],
                "liveness_probe": [],
                "name": "jmeter-master",
                "port": [
                  {
                    "container_port": 60000,
                    "host_ip": "",
                    "host_port": 0,
                    "name": "",
                    "protocol": "TCP"
                  }
                ],
                "readiness_probe": [],
                "resources": [
                  {
                    "limits": {
                      "cpu": "1",
                      "memory": "1Gi"
                    },
                    "requests": {
                      "cpu": "100m",
                      "memory": "512Mi"
                    }
                  }
                ],
                "security_context": [],
                "startup_probe": [],
                "stdin": false,
                "stdin_once": false,
                "termination_message_path": "/dev/termination-log",
                "termination_message_policy": "File",
                "tty": false,
                "volume_mount": [
                  {
                    "mount_path": "/var/run/secrets/kubernetes.io/serviceaccount",
                    "mount_propagation": "",
                    "name": "kube-api-access-cg8mf",
                    "read_only": true,
                    "sub_path": ""
                  }
                ],
                "working_dir": ""
              }
            ],
            "dns_config": [],
            "dns_policy": "ClusterFirst",
            "enable_service_links": true,
            "host_aliases": [],
            "host_ipc": false,
            "host_network": false,
            "host_pid": false,
            "hostname": "",
            "image_pull_secrets": [],
            "init_container": [],
            "node_name": "minikube",
            "node_selector": null,
            "priority_class_name": "",
            "readiness_gate": [],
            "restart_policy": "Always",
            "security_context": [],
            "service_account_name": "default",
            "share_process_namespace": false,
            "subdomain": "",
            "termination_grace_period_seconds": 30,
            "toleration": [],
            "topology_spread_constraint": [],
            "volume": [
              {
                "aws_elastic_block_store": [],
                "azure_disk": [],
                "azure_file": [],
                "ceph_fs": [],
                "cinder": [],
                "config_map": [],
                "csi": [],
                "downward_api": [],
                "empty_dir": [],
                "fc": [],
                "flex_volume": [],
                "flocker": [],
                "gce_persistent_disk": [],
                "git_repo": [],
                "glusterfs": [],
                "host_path": [],
                "iscsi": [],
                "local": [],
                "name": "kube-api-access-cg8mf",
                "nfs": [],
                "persistent_volume_claim": [],
                "photon_persistent_disk": [],
                "projected": [
                  {
                    "default_mode": "0644",
                    "sources": [
                      {
                        "config_map": [],
                        "downward_api": [],
                        "secret": [],
                        "service_account_token": [
                          {
                            "audience": "",
                            "expiration_seconds": 3607,
                            "path": "token"
                          }
                        ]
                      },
                      {
                        "config_map": [
                          {
                            "items": [
                              {
                                "key": "ca.crt",
                                "mode": "",
                                "path": "ca.crt"
                              }
                            ],
                            "name": "kube-root-ca.crt",
                            "optional": false
                          }
                        ],
                        "downward_api": [],
                        "secret": [],
                        "service_account_token": []
                      },
                      {
                        "config_map": [],
                        "downward_api": [
                          {
                            "items": [
                              {
                                "field_ref": [
                                  {
                                    "api_version": "v1",
                                    "field_path": "metadata.namespace"
                                  }
                                ],
                                "mode": "",
                                "path": "namespace",
                                "resource_field_ref": []
                              }
                            ]
                          }
                        ],
                        "secret": [],
                        "service_account_token": []
                      }
                    ]
                  }
                ],
                "quobyte": [],
                "rbd": [],
                "secret": [],
                "vsphere_volume": []
              }
            ]
          }
        ],
        "timeouts": null
      },
      "type": [
        "object",
        {
          "id": "string",
          "metadata": [
            "list",
            [
              "object",
              {
                "annotations": [
                  "map",
                  "string"
                ],
                "generate_name": "string",
                "generation": "number",
                "labels": [
                  "map",
                  "string"
                ],
                "name": "string",
                "namespace": "string",
                "resource_version": "string",
                "uid": "string"
              }
            ]
          ],
          "spec": [
            "list",
            [
              "object",
              {
                "active_deadline_seconds": "number",
                "affinity": [
                  "list",
                  [
                    "object",
                    {
                      "node_affinity": [
                        "list",
                        [
                          "object",
                          {
                            "preferred_during_scheduling_ignored_during_execution": [
                              "list",
                              [
                                "object",
                                {
                                  "preference": [
                                    "list",
                                    [
                                      "object",
                                      {
                                        "match_expressions": [
                                          "list",
                                          [
                                            "object",
                                            {
                                              "key": "string",
                                              "operator": "string",
                                              "values": [
                                                "set",
                                                "string"
                                              ]
                                            }
                                          ]
                                        ]
                                      }
                                    ]
                                  ],
                                  "weight": "number"
                                }
                              ]
                            ],
                            "required_during_scheduling_ignored_during_execution": [
                              "list",
                              [
                                "object",
                                {
                                  "node_selector_term": [
                                    "list",
                                    [
                                      "object",
                                      {
                                        "match_expressions": [
                                          "list",
                                          [
                                            "object",
                                            {
                                              "key": "string",
                                              "operator": "string",
                                              "values": [
                                                "set",
                                                "string"
                                              ]
                                            }
                                          ]
                                        ]
                                      }
                                    ]
                                  ]
                                }
                              ]
                            ]
                          }
                        ]
                      ],
                      "pod_affinity": [
                        "list",
                        [
                          "object",
                          {
                            "preferred_during_scheduling_ignored_during_execution": [
                              "list",
                              [
                                "object",
                                {
                                  "pod_affinity_term": [
                                    "list",
                                    [
                                      "object",
                                      {
                                        "label_selector": [
                                          "list",
                                          [
                                            "object",
                                            {
                                              "match_expressions": [
                                                "list",
                                                [
                                                  "object",
                                                  {
                                                    "key": "string",
                                                    "operator": "string",
                                                    "values": [
                                                      "set",
                                                      "string"
                                                    ]
                                                  }
                                                ]
                                              ],
                                              "match_labels": [
                                                "map",
                                                "string"
                                              ]
                                            }
                                          ]
                                        ],
                                        "namespaces": [
                                          "set",
                                          "string"
                                        ],
                                        "topology_key": "string"
                                      }
                                    ]
                                  ],
                                  "weight": "number"
                                }
                              ]
                            ],
                            "required_during_scheduling_ignored_during_execution": [
                              "list",
                              [
                                "object",
                                {
                                  "label_selector": [
                                    "list",
                                    [
                                      "object",
                                      {
                                        "match_expressions": [
                                          "list",
                                          [
                                            "object",
                                            {
                                              "key": "string",
                                              "operator": "string",
                                              "values": [
                                                "set",
                                                "string"
                                              ]
                                            }
                                          ]
                                        ],
                                        "match_labels": [
                                          "map",
                                          "string"
                                        ]
                                      }
                                    ]
                                  ],
                                  "namespaces": [
                                    "set",
                                    "string"
                                  ],
                                  "topology_key": "string"
                                }
                              ]
                            ]
                          }
                        ]
                      ],
                      "pod_anti_affinity": [
                        "list",
                        [
                          "object",
                          {
                            "preferred_during_scheduling_ignored_during_execution": [
                              "list",
                              [
                                "object",
                                {
                                  "pod_affinity_term": [
                                    "list",
                                    [
                                      "object",
                                      {
                                        "label_selector": [
                                          "list",
                                          [
                                            "object",
                                            {
                                              "match_expressions": [
                                                "list",
                                                [
                                                  "object",
                                                  {
                                                    "key": "string",
                                                    "operator": "string",
                                                    "values": [
                                                      "set",
                                                      "string"
                                                    ]
                                                  }
                                                ]
                                              ],
                                              "match_labels": [
                                                "map",
                                                "string"
                                              ]
                                            }
                                          ]
                                        ],
                                        "namespaces": [
                                          "set",
                                          "string"
                                        ],
                                        "topology_key": "string"
                                      }
                                    ]
                                  ],
                                  "weight": "number"
                                }
                              ]
                            ],
                            "required_during_scheduling_ignored_during_execution": [
                              "list",
                              [
                                "object",
                                {
                                  "label_selector": [
                                    "list",
                                    [
                                      "object",
                                      {
                                        "match_expressions": [
                                          "list",
                                          [
                                            "object",
                                            {
                                              "key": "string",
                                              "operator": "string",
                                              "values": [
                                                "set",
                                                "string"
                                              ]
                                            }
                                          ]
                                        ],
                                        "match_labels": [
                                          "map",
                                          "string"
                                        ]
                                      }
                                    ]
                                  ],
                                  "namespaces": [
                                    "set",
                                    "string"
                                  ],
                                  "topology_key": "string"
                                }
                              ]
                            ]
                          }
                        ]
                      ]
                    }
                  ]
                ],
                "automount_service_account_token": "bool",
                "container": [
                  "list",
                  [
                    "object",
                    {
                      "args": [
                        "list",
                        "string"
                      ],
                      "command": [
                        "list",
                        "string"
                      ],
                      "env": [
                        "list",
                        [
                          "object",
                          {
                            "name": "string",
                            "value": "string",
                            "value_from": [
                              "list",
                              [
                                "object",
                                {
                                  "config_map_key_ref": [
                                    "list",
                                    [
                                      "object",
                                      {
                                        "key": "string",
                                        "name": "string",
                                        "optional": "bool"
                                      }
                                    ]
                                  ],
                                  "field_ref": [
                                    "list",
                                    [
                                      "object",
                                      {
                                        "api_version": "string",
                                        "field_path": "string"
                                      }
                                    ]
                                  ],
                                  "resource_field_ref": [
                                    "list",
                                    [
                                      "object",
                                      {
                                        "container_name": "string",
                                        "divisor": "string",
                                        "resource": "string"
                                      }
                                    ]
                                  ],
                                  "secret_key_ref": [
                                    "list",
                                    [
                                      "object",
                                      {
                                        "key": "string",
                                        "name": "string",
                                        "optional": "bool"
                                      }
                                    ]
                                  ]
                                }
                              ]
                            ]
                          }
                        ]
                      ],
                      "env_from": [
                        "list",
                        [
                          "object",
                          {
                            "config_map_ref": [
                              "list",
                              [
                                "object",
                                {
                                  "name": "string",
                                  "optional": "bool"
                                }
                              ]
                            ],
                            "prefix": "string",
                            "secret_ref": [
                              "list",
                              [
                                "object",
                                {
                                  "name": "string",
                                  "optional": "bool"
                                }
                              ]
                            ]
                          }
                        ]
                      ],
                      "image": "string",
                      "image_pull_policy": "string",
                      "lifecycle": [
                        "list",
                        [
                          "object",
                          {
                            "post_start": [
                              "list",
                              [
                                "object",
                                {
                                  "exec": [
                                    "list",
                                    [
                                      "object",
                                      {
                                        "command": [
                                          "list",
                                          "string"
                                        ]
                                      }
                                    ]
                                  ],
                                  "http_get": [
                                    "list",
                                    [
                                      "object",
                                      {
                                        "host": "string",
                                        "http_header": [
                                          "list",
                                          [
                                            "object",
                                            {
                                              "name": "string",
                                              "value": "string"
                                            }
                                          ]
                                        ],
                                        "path": "string",
                                        "port": "string",
                                        "scheme": "string"
                                      }
                                    ]
                                  ],
                                  "tcp_socket": [
                                    "list",
                                    [
                                      "object",
                                      {
                                        "port": "string"
                                      }
                                    ]
                                  ]
                                }
                              ]
                            ],
                            "pre_stop": [
                              "list",
                              [
                                "object",
                                {
                                  "exec": [
                                    "list",
                                    [
                                      "object",
                                      {
                                        "command": [
                                          "list",
                                          "string"
                                        ]
                                      }
                                    ]
                                  ],
                                  "http_get": [
                                    "list",
                                    [
                                      "object",
                                      {
                                        "host": "string",
                                        "http_header": [
                                          "list",
                                          [
                                            "object",
                                            {
                                              "name": "string",
                                              "value": "string"
                                            }
                                          ]
                                        ],
                                        "path": "string",
                                        "port": "string",
                                        "scheme": "string"
                                      }
                                    ]
                                  ],
                                  "tcp_socket": [
                                    "list",
                                    [
                                      "object",
                                      {
                                        "port": "string"
                                      }
                                    ]
                                  ]
                                }
                              ]
                            ]
                          }
                        ]
                      ],
                      "liveness_probe": [
                        "list",
                        [
                          "object",
                          {
                            "exec": [
                              "list",
                              [
                                "object",
                                {
                                  "command": [
                                    "list",
                                    "string"
                                  ]
                                }
                              ]
                            ],
                            "failure_threshold": "number",
                            "http_get": [
                              "list",
                              [
                                "object",
                                {
                                  "host": "string",
                                  "http_header": [
                                    "list",
                                    [
                                      "object",
                                      {
                                        "name": "string",
                                        "value": "string"
                                      }
                                    ]
                                  ],
                                  "path": "string",
                                  "port": "string",
                                  "scheme": "string"
                                }
                              ]
                            ],
                            "initial_delay_seconds": "number",
                            "period_seconds": "number",
                            "success_threshold": "number",
                            "tcp_socket": [
                              "list",
                              [
                                "object",
                                {
                                  "port": "string"
                                }
                              ]
                            ],
                            "timeout_seconds": "number"
                          }
                        ]
                      ],
                      "name": "string",
                      "port": [
                        "list",
                        [
                          "object",
                          {
                            "container_port": "number",
                            "host_ip": "string",
                            "host_port": "number",
                            "name": "string",
                            "protocol": "string"
                          }
                        ]
                      ],
                      "readiness_probe": [
                        "list",
                        [
                          "object",
                          {
                            "exec": [
                              "list",
                              [
                                "object",
                                {
                                  "command": [
                                    "list",
                                    "string"
                                  ]
                                }
                              ]
                            ],
                            "failure_threshold": "number",
                            "http_get": [
                              "list",
                              [
                                "object",
                                {
                                  "host": "string",
                                  "http_header": [
                                    "list",
                                    [
                                      "object",
                                      {
                                        "name": "string",
                                        "value": "string"
                                      }
                                    ]
                                  ],
                                  "path": "string",
                                  "port": "string",
                                  "scheme": "string"
                                }
                              ]
                            ],
                            "initial_delay_seconds": "number",
                            "period_seconds": "number",
                            "success_threshold": "number",
                            "tcp_socket": [
                              "list",
                              [
                                "object",
                                {
                                  "port": "string"
                                }
                              ]
                            ],
                            "timeout_seconds": "number"
                          }
                        ]
                      ],
                      "resources": [
                        "list",
                        [
                          "object",
                          {
                            "limits": [
                              "map",
                              "string"
                            ],
                            "requests": [
                              "map",
                              "string"
                            ]
                          }
                        ]
                      ],
                      "security_context": [
                        "list",
                        [
                          "object",
                          {
                            "allow_privilege_escalation": "bool",
                            "capabilities": [
                              "list",
                              [
                                "object",
                                {
                                  "add": [
                                    "list",
                                    "string"
                                  ],
                                  "drop": [
                                    "list",
                                    "string"
                                  ]
                                }
                              ]
                            ],
                            "privileged": "bool",
                            "read_only_root_filesystem": "bool",
                            "run_as_group": "string",
                            "run_as_non_root": "bool",
                            "run_as_user": "string",
                            "se_linux_options": [
                              "list",
                              [
                                "object",
                                {
                                  "level": "string",
                                  "role": "string",
                                  "type": "string",
                                  "user": "string"
                                }
                              ]
                            ]
                          }
                        ]
                      ],
                      "startup_probe": [
                        "list",
                        [
                          "object",
                          {
                            "exec": [
                              "list",
                              [
                                "object",
                                {
                                  "command": [
                                    "list",
                                    "string"
                                  ]
                                }
                              ]
                            ],
                            "failure_threshold": "number",
                            "http_get": [
                              "list",
                              [
                                "object",
                                {
                                  "host": "string",
                                  "http_header": [
                                    "list",
                                    [
                                      "object",
                                      {
                                        "name": "string",
                                        "value": "string"
                                      }
                                    ]
                                  ],
                                  "path": "string",
                                  "port": "string",
                                  "scheme": "string"
                                }
                              ]
                            ],
                            "initial_delay_seconds": "number",
                            "period_seconds": "number",
                            "success_threshold": "number",
                            "tcp_socket": [
                              "list",
                              [
                                "object",
                                {
                                  "port": "string"
                                }
                              ]
                            ],
                            "timeout_seconds": "number"
                          }
                        ]
                      ],
                      "stdin": "bool",
                      "stdin_once": "bool",
                      "termination_message_path": "string",
                      "termination_message_policy": "string",
                      "tty": "bool",
                      "volume_mount": [
                        "list",
                        [
                          "object",
                          {
                            "mount_path": "string",
                            "mount_propagation": "string",
                            "name": "string",
                            "read_only": "bool",
                            "sub_path": "string"
                          }
                        ]
                      ],
                      "working_dir": "string"
                    }
                  ]
                ],
                "dns_config": [
                  "list",
                  [
                    "object",
                    {
                      "nameservers": [
                        "list",
                        "string"
                      ],
                      "option": [
                        "list",
                        [
                          "object",
                          {
                            "name": "string",
                            "value": "string"
                          }
                        ]
                      ],
                      "searches": [
                        "list",
                        "string"
                      ]
                    }
                  ]
                ],
                "dns_policy": "string",
                "enable_service_links": "bool",
                "host_aliases": [
                  "list",
                  [
                    "object",
                    {
                      "hostnames": [
                        "list",
                        "string"
                      ],
                      "ip": "string"
                    }
                  ]
                ],
                "host_ipc": "bool",
                "host_network": "bool",
                "host_pid": "bool",
                "hostname": "string",
                "image_pull_secrets": [
                  "list",
                  [
                    "object",
                    {
                      "name": "string"
                    }
                  ]
                ],
                "init_container": [
                  "list",
                  [
                    "object",
                    {
                      "args": [
                        "list",
                        "string"
                      ],
                      "command": [
                        "list",
                        "string"
                      ],
                      "env": [
                        "list",
                        [
                          "object",
                          {
                            "name": "string",
                            "value": "string",
                            "value_from": [
                              "list",
                              [
                                "object",
                                {
                                  "config_map_key_ref": [
                                    "list",
                                    [
                                      "object",
                                      {
                                        "key": "string",
                                        "name": "string",
                                        "optional": "bool"
                                      }
                                    ]
                                  ],
                                  "field_ref": [
                                    "list",
                                    [
                                      "object",
                                      {
                                        "api_version": "string",
                                        "field_path": "string"
                                      }
                                    ]
                                  ],
                                  "resource_field_ref": [
                                    "list",
                                    [
                                      "object",
                                      {
                                        "container_name": "string",
                                        "divisor": "string",
                                        "resource": "string"
                                      }
                                    ]
                                  ],
                                  "secret_key_ref": [
                                    "list",
                                    [
                                      "object",
                                      {
                                        "key": "string",
                                        "name": "string",
                                        "optional": "bool"
                                      }
                                    ]
                                  ]
                                }
                              ]
                            ]
                          }
                        ]
                      ],
                      "env_from": [
                        "list",
                        [
                          "object",
                          {
                            "config_map_ref": [
                              "list",
                              [
                                "object",
                                {
                                  "name": "string",
                                  "optional": "bool"
                                }
                              ]
                            ],
                            "prefix": "string",
                            "secret_ref": [
                              "list",
                              [
                                "object",
                                {
                                  "name": "string",
                                  "optional": "bool"
                                }
                              ]
                            ]
                          }
                        ]
                      ],
                      "image": "string",
                      "image_pull_policy": "string",
                      "lifecycle": [
                        "list",
                        [
                          "object",
                          {
                            "post_start": [
                              "list",
                              [
                                "object",
                                {
                                  "exec": [
                                    "list",
                                    [
                                      "object",
                                      {
                                        "command": [
                                          "list",
                                          "string"
                                        ]
                                      }
                                    ]
                                  ],
                                  "http_get": [
                                    "list",
                                    [
                                      "object",
                                      {
                                        "host": "string",
                                        "http_header": [
                                          "list",
                                          [
                                            "object",
                                            {
                                              "name": "string",
                                              "value": "string"
                                            }
                                          ]
                                        ],
                                        "path": "string",
                                        "port": "string",
                                        "scheme": "string"
                                      }
                                    ]
                                  ],
                                  "tcp_socket": [
                                    "list",
                                    [
                                      "object",
                                      {
                                        "port": "string"
                                      }
                                    ]
                                  ]
                                }
                              ]
                            ],
                            "pre_stop": [
                              "list",
                              [
                                "object",
                                {
                                  "exec": [
                                    "list",
                                    [
                                      "object",
                                      {
                                        "command": [
                                          "list",
                                          "string"
                                        ]
                                      }
                                    ]
                                  ],
                                  "http_get": [
                                    "list",
                                    [
                                      "object",
                                      {
                                        "host": "string",
                                        "http_header": [
                                          "list",
                                          [
                                            "object",
                                            {
                                              "name": "string",
                                              "value": "string"
                                            }
                                          ]
                                        ],
                                        "path": "string",
                                        "port": "string",
                                        "scheme": "string"
                                      }
                                    ]
                                  ],
                                  "tcp_socket": [
                                    "list",
                                    [
                                      "object",
                                      {
                                        "port": "string"
                                      }
                                    ]
                                  ]
                                }
                              ]
                            ]
                          }
                        ]
                      ],
                      "liveness_probe": [
                        "list",
                        [
                          "object",
                          {
                            "exec": [
                              "list",
                              [
                                "object",
                                {
                                  "command": [
                                    "list",
                                    "string"
                                  ]
                                }
                              ]
                            ],
                            "failure_threshold": "number",
                            "http_get": [
                              "list",
                              [
                                "object",
                                {
                                  "host": "string",
                                  "http_header": [
                                    "list",
                                    [
                                      "object",
                                      {
                                        "name": "string",
                                        "value": "string"
                                      }
                                    ]
                                  ],
                                  "path": "string",
                                  "port": "string",
                                  "scheme": "string"
                                }
                              ]
                            ],
                            "initial_delay_seconds": "number",
                            "period_seconds": "number",
                            "success_threshold": "number",
                            "tcp_socket": [
                              "list",
                              [
                                "object",
                                {
                                  "port": "string"
                                }
                              ]
                            ],
                            "timeout_seconds": "number"
                          }
                        ]
                      ],
                      "name": "string",
                      "port": [
                        "list",
                        [
                          "object",
                          {
                            "container_port": "number",
                            "host_ip": "string",
                            "host_port": "number",
                            "name": "string",
                            "protocol": "string"
                          }
                        ]
                      ],
                      "readiness_probe": [
                        "list",
                        [
                          "object",
                          {
                            "exec": [
                              "list",
                              [
                                "object",
                                {
                                  "command": [
                                    "list",
                                    "string"
                                  ]
                                }
                              ]
                            ],
                            "failure_threshold": "number",
                            "http_get": [
                              "list",
                              [
                                "object",
                                {
                                  "host": "string",
                                  "http_header": [
                                    "list",
                                    [
                                      "object",
                                      {
                                        "name": "string",
                                        "value": "string"
                                      }
                                    ]
                                  ],
                                  "path": "string",
                                  "port": "string",
                                  "scheme": "string"
                                }
                              ]
                            ],
                            "initial_delay_seconds": "number",
                            "period_seconds": "number",
                            "success_threshold": "number",
                            "tcp_socket": [
                              "list",
                              [
                                "object",
                                {
                                  "port": "string"
                                }
                              ]
                            ],
                            "timeout_seconds": "number"
                          }
                        ]
                      ],
                      "resources": [
                        "list",
                        [
                          "object",
                          {
                            "limits": [
                              "map",
                              "string"
                            ],
                            "requests": [
                              "map",
                              "string"
                            ]
                          }
                        ]
                      ],
                      "security_context": [
                        "list",
                        [
                          "object",
                          {
                            "allow_privilege_escalation": "bool",
                            "capabilities": [
                              "list",
                              [
                                "object",
                                {
                                  "add": [
                                    "list",
                                    "string"
                                  ],
                                  "drop": [
                                    "list",
                                    "string"
                                  ]
                                }
                              ]
                            ],
                            "privileged": "bool",
                            "read_only_root_filesystem": "bool",
                            "run_as_group": "string",
                            "run_as_non_root": "bool",
                            "run_as_user": "string",
                            "se_linux_options": [
                              "list",
                              [
                                "object",
                                {
                                  "level": "string",
                                  "role": "string",
                                  "type": "string",
                                  "user": "string"
                                }
                              ]
                            ]
                          }
                        ]
                      ],
                      "startup_probe": [
                        "list",
                        [
                          "object",
                          {
                            "exec": [
                              "list",
                              [
                                "object",
                                {
                                  "command": [
                                    "list",
                                    "string"
                                  ]
                                }
                              ]
                            ],
                            "failure_threshold": "number",
                            "http_get": [
                              "list",
                              [
                                "object",
                                {
                                  "host": "string",
                                  "http_header": [
                                    "list",
                                    [
                                      "object",
                                      {
                                        "name": "string",
                                        "value": "string"
                                      }
                                    ]
                                  ],
                                  "path": "string",
                                  "port": "string",
                                  "scheme": "string"
                                }
                              ]
                            ],
                            "initial_delay_seconds": "number",
                            "period_seconds": "number",
                            "success_threshold": "number",
                            "tcp_socket": [
                              "list",
                              [
                                "object",
                                {
                                  "port": "string"
                                }
                              ]
                            ],
                            "timeout_seconds": "number"
                          }
                        ]
                      ],
                      "stdin": "bool",
                      "stdin_once": "bool",
                      "termination_message_path": "string",
                      "termination_message_policy": "string",
                      "tty": "bool",
                      "volume_mount": [
                        "list",
                        [
                          "object",
                          {
                            "mount_path": "string",
                            "mount_propagation": "string",
                            "name": "string",
                            "read_only": "bool",
                            "sub_path": "string"
                          }
                        ]
                      ],
                      "working_dir": "string"
                    }
                  ]
                ],
                "node_name": "string",
                "node_selector": [
                  "map",
                  "string"
                ],
                "priority_class_name": "string",
                "readiness_gate": [
                  "list",
                  [
                    "object",
                    {
                      "condition_type": "string"
                    }
                  ]
                ],
                "restart_policy": "string",
                "security_context": [
                  "list",
                  [
                    "object",
                    {
                      "fs_group": "string",
                      "run_as_group": "string",
                      "run_as_non_root": "bool",
                      "run_as_user": "string",
                      "se_linux_options": [
                        "list",
                        [
                          "object",
                          {
                            "level": "string",
                            "role": "string",
                            "type": "string",
                            "user": "string"
                          }
                        ]
                      ],
                      "supplemental_groups": [
                        "set",
                        "number"
                      ],
                      "sysctl": [
                        "list",
                        [
                          "object",
                          {
                            "name": "string",
                            "value": "string"
                          }
                        ]
                      ]
                    }
                  ]
                ],
                "service_account_name": "string",
                "share_process_namespace": "bool",
                "subdomain": "string",
                "termination_grace_period_seconds": "number",
                "toleration": [
                  "list",
                  [
                    "object",
                    {
                      "effect": "string",
                      "key": "string",
                      "operator": "string",
                      "toleration_seconds": "string",
                      "value": "string"
                    }
                  ]
                ],
                "topology_spread_constraint": [
                  "list",
                  [
                    "object",
                    {
                      "label_selector": [
                        "list",
                        [
                          "object",
                          {
                            "match_expressions": [
                              "list",
                              [
                                "object",
                                {
                                  "key": "string",
                                  "operator": "string",
                                  "values": [
                                    "set",
                                    "string"
                                  ]
                                }
                              ]
                            ],
                            "match_labels": [
                              "map",
                              "string"
                            ]
                          }
                        ]
                      ],
                      "max_skew": "number",
                      "topology_key": "string",
                      "when_unsatisfiable": "string"
                    }
                  ]
                ],
                "volume": [
                  "list",
                  [
                    "object",
                    {
                      "aws_elastic_block_store": [
                        "list",
                        [
                          "object",
                          {
                            "fs_type": "string",
                            "partition": "number",
                            "read_only": "bool",
                            "volume_id": "string"
                          }
                        ]
                      ],
                      "azure_disk": [
                        "list",
                        [
                          "object",
                          {
                            "caching_mode": "string",
                            "data_disk_uri": "string",
                            "disk_name": "string",
                            "fs_type": "string",
                            "kind": "string",
                            "read_only": "bool"
                          }
                        ]
                      ],
                      "azure_file": [
                        "list",
                        [
                          "object",
                          {
                            "read_only": "bool",
                            "secret_name": "string",
                            "secret_namespace": "string",
                            "share_name": "string"
                          }
                        ]
                      ],
                      "ceph_fs": [
                        "list",
                        [
                          "object",
                          {
                            "monitors": [
                              "set",
                              "string"
                            ],
                            "path": "string",
                            "read_only": "bool",
                            "secret_file": "string",
                            "secret_ref": [
                              "list",
                              [
                                "object",
                                {
                                  "name": "string",
                                  "namespace": "string"
                                }
                              ]
                            ],
                            "user": "string"
                          }
                        ]
                      ],
                      "cinder": [
                        "list",
                        [
                          "object",
                          {
                            "fs_type": "string",
                            "read_only": "bool",
                            "volume_id": "string"
                          }
                        ]
                      ],
                      "config_map": [
                        "list",
                        [
                          "object",
                          {
                            "default_mode": "string",
                            "items": [
                              "list",
                              [
                                "object",
                                {
                                  "key": "string",
                                  "mode": "string",
                                  "path": "string"
                                }
                              ]
                            ],
                            "name": "string",
                            "optional": "bool"
                          }
                        ]
                      ],
                      "csi": [
                        "list",
                        [
                          "object",
                          {
                            "controller_expand_secret_ref": [
                              "list",
                              [
                                "object",
                                {
                                  "name": "string",
                                  "namespace": "string"
                                }
                              ]
                            ],
                            "controller_publish_secret_ref": [
                              "list",
                              [
                                "object",
                                {
                                  "name": "string",
                                  "namespace": "string"
                                }
                              ]
                            ],
                            "driver": "string",
                            "fs_type": "string",
                            "node_publish_secret_ref": [
                              "list",
                              [
                                "object",
                                {
                                  "name": "string",
                                  "namespace": "string"
                                }
                              ]
                            ],
                            "node_stage_secret_ref": [
                              "list",
                              [
                                "object",
                                {
                                  "name": "string",
                                  "namespace": "string"
                                }
                              ]
                            ],
                            "read_only": "bool",
                            "volume_attributes": [
                              "map",
                              "string"
                            ],
                            "volume_handle": "string"
                          }
                        ]
                      ],
                      "downward_api": [
                        "list",
                        [
                          "object",
                          {
                            "default_mode": "string",
                            "items": [
                              "list",
                              [
                                "object",
                                {
                                  "field_ref": [
                                    "list",
                                    [
                                      "object",
                                      {
                                        "api_version": "string",
                                        "field_path": "string"
                                      }
                                    ]
                                  ],
                                  "mode": "string",
                                  "path": "string",
                                  "resource_field_ref": [
                                    "list",
                                    [
                                      "object",
                                      {
                                        "container_name": "string",
                                        "divisor": "string",
                                        "resource": "string"
                                      }
                                    ]
                                  ]
                                }
                              ]
                            ]
                          }
                        ]
                      ],
                      "empty_dir": [
                        "list",
                        [
                          "object",
                          {
                            "medium": "string",
                            "size_limit": "string"
                          }
                        ]
                      ],
                      "fc": [
                        "list",
                        [
                          "object",
                          {
                            "fs_type": "string",
                            "lun": "number",
                            "read_only": "bool",
                            "target_ww_ns": [
                              "set",
                              "string"
                            ]
                          }
                        ]
                      ],
                      "flex_volume": [
                        "list",
                        [
                          "object",
                          {
                            "driver": "string",
                            "fs_type": "string",
                            "options": [
                              "map",
                              "string"
                            ],
                            "read_only": "bool",
                            "secret_ref": [
                              "list",
                              [
                                "object",
                                {
                                  "name": "string",
                                  "namespace": "string"
                                }
                              ]
                            ]
                          }
                        ]
                      ],
                      "flocker": [
                        "list",
                        [
                          "object",
                          {
                            "dataset_name": "string",
                            "dataset_uuid": "string"
                          }
                        ]
                      ],
                      "gce_persistent_disk": [
                        "list",
                        [
                          "object",
                          {
                            "fs_type": "string",
                            "partition": "number",
                            "pd_name": "string",
                            "read_only": "bool"
                          }
                        ]
                      ],
                      "git_repo": [
                        "list",
                        [
                          "object",
                          {
                            "directory": "string",
                            "repository": "string",
                            "revision": "string"
                          }
                        ]
                      ],
                      "glusterfs": [
                        "list",
                        [
                          "object",
                          {
                            "endpoints_name": "string",
                            "path": "string",
                            "read_only": "bool"
                          }
                        ]
                      ],
                      "host_path": [
                        "list",
                        [
                          "object",
                          {
                            "path": "string",
                            "type": "string"
                          }
                        ]
                      ],
                      "iscsi": [
                        "list",
                        [
                          "object",
                          {
                            "fs_type": "string",
                            "iqn": "string",
                            "iscsi_interface": "string",
                            "lun": "number",
                            "read_only": "bool",
                            "target_portal": "string"
                          }
                        ]
                      ],
                      "local": [
                        "list",
                        [
                          "object",
                          {
                            "path": "string"
                          }
                        ]
                      ],
                      "name": "string",
                      "nfs": [
                        "list",
                        [
                          "object",
                          {
                            "path": "string",
                            "read_only": "bool",
                            "server": "string"
                          }
                        ]
                      ],
                      "persistent_volume_claim": [
                        "list",
                        [
                          "object",
                          {
                            "claim_name": "string",
                            "read_only": "bool"
                          }
                        ]
                      ],
                      "photon_persistent_disk": [
                        "list",
                        [
                          "object",
                          {
                            "fs_type": "string",
                            "pd_id": "string"
                          }
                        ]
                      ],
                      "projected": [
                        "list",
                        [
                          "object",
                          {
                            "default_mode": "string",
                            "sources": [
                              "list",
                              [
                                "object",
                                {
                                  "config_map": [
                                    "list",
                                    [
                                      "object",
                                      {
                                        "items": [
                                          "list",
                                          [
                                            "object",
                                            {
                                              "key": "string",
                                              "mode": "string",
                                              "path": "string"
                                            }
                                          ]
                                        ],
                                        "name": "string",
                                        "optional": "bool"
                                      }
                                    ]
                                  ],
                                  "downward_api": [
                                    "list",
                                    [
                                      "object",
                                      {
                                        "items": [
                                          "list",
                                          [
                                            "object",
                                            {
                                              "field_ref": [
                                                "list",
                                                [
                                                  "object",
                                                  {
                                                    "api_version": "string",
                                                    "field_path": "string"
                                                  }
                                                ]
                                              ],
                                              "mode": "string",
                                              "path": "string",
                                              "resource_field_ref": [
                                                "list",
                                                [
                                                  "object",
                                                  {
                                                    "container_name": "string",
                                                    "divisor": "string",
                                                    "resource": "string"
                                                  }
                                                ]
                                              ]
                                            }
                                          ]
                                        ]
                                      }
                                    ]
                                  ],
                                  "secret": [
                                    "list",
                                    [
                                      "object",
                                      {
                                        "items": [
                                          "list",
                                          [
                                            "object",
                                            {
                                              "key": "string",
                                              "mode": "string",
                                              "path": "string"
                                            }
                                          ]
                                        ],
                                        "name": "string",
                                        "optional": "bool"
                                      }
                                    ]
                                  ],
                                  "service_account_token": [
                                    "list",
                                    [
                                      "object",
                                      {
                                        "audience": "string",
                                        "expiration_seconds": "number",
                                        "path": "string"
                                      }
                                    ]
                                  ]
                                }
                              ]
                            ]
                          }
                        ]
                      ],
                      "quobyte": [
                        "list",
                        [
                          "object",
                          {
                            "group": "string",
                            "read_only": "bool",
                            "registry": "string",
                            "user": "string",
                            "volume": "string"
                          }
                        ]
                      ],
                      "rbd": [
                        "list",
                        [
                          "object",
                          {
                            "ceph_monitors": [
                              "set",
                              "string"
                            ],
                            "fs_type": "string",
                            "keyring": "string",
                            "rados_user": "string",
                            "rbd_image": "string",
                            "rbd_pool": "string",
                            "read_only": "bool",
                            "secret_ref": [
                              "list",
                              [
                                "object",
                                {
                                  "name": "string",
                                  "namespace": "string"
                                }
                              ]
                            ]
                          }
                        ]
                      ],
                      "secret": [
                        "list",
                        [
                          "object",
                          {
                            "default_mode": "string",
                            "items": [
                              "list",
                              [
                                "object",
                                {
                                  "key": "string",
                                  "mode": "string",
                                  "path": "string"
                                }
                              ]
                            ],
                            "optional": "bool",
                            "secret_name": "string"
                          }
                        ]
                      ],
                      "vsphere_volume": [
                        "list",
                        [
                          "object",
                          {
                            "fs_type": "string",
                            "volume_path": "string"
                          }
                        ]
                      ]
                    }
                  ]
                ]
              }
            ]
          ],
          "timeouts": [
            "object",
            {
              "create": "string",
              "delete": "string"
            }
          ]
        }
      ]
    },
    "deployment_slave": {
      "value": {
        "id": "jmeter/jmeter-slave",
        "metadata": [
          {
            "annotations": null,
            "generate_name": "",
            "generation": 1,
            "labels": {
              "component": "slave",
              "instance": "jmeter-slave",
              "managed-by": "terraform",
              "name": "jmeter",
              "part-of": "jmeter",
              "version": "5.4-plugins"
            },
            "name": "jmeter-slave",
            "namespace": "jmeter",
            "resource_version": "14651",
            "uid": "d3c316f4-bc79-4b24-a92a-b263e3e7adfd"
          }
        ],
        "spec": [
          {
            "min_ready_seconds": 0,
            "paused": false,
            "progress_deadline_seconds": 600,
            "replicas": "3",
            "revision_history_limit": 10,
            "selector": [
              {
                "match_expressions": [],
                "match_labels": {
                  "selector": "jmeter-slave-CRc5VgO7"
                }
              }
            ],
            "strategy": [
              {
                "rolling_update": [
                  {
                    "max_surge": "25%",
                    "max_unavailable": "25%"
                  }
                ],
                "type": "RollingUpdate"
              }
            ],
            "template": [
              {
                "metadata": [
                  {
                    "annotations": null,
                    "generate_name": "",
                    "generation": 0,
                    "labels": {
                      "component": "slave",
                      "instance": "jmeter-slave",
                      "managed-by": "terraform",
                      "name": "jmeter",
                      "part-of": "jmeter",
                      "selector": "jmeter-slave-CRc5VgO7",
                      "version": "5.4-plugins"
                    },
                    "name": "",
                    "namespace": "",
                    "resource_version": "",
                    "uid": ""
                  }
                ],
                "spec": [
                  {
                    "active_deadline_seconds": 0,
                    "affinity": [],
                    "automount_service_account_token": true,
                    "container": [
                      {
                        "args": [
                          "server"
                        ],
                        "command": null,
                        "env": [],
                        "env_from": [],
                        "image": "anasoid/jmeter:5.4-plugins",
                        "image_pull_policy": "IfNotPresent",
                        "lifecycle": [],
                        "liveness_probe": [],
                        "name": "jmeter-slave",
                        "port": [
                          {
                            "container_port": 50000,
                            "host_ip": "",
                            "host_port": 0,
                            "name": "rmi",
                            "protocol": "TCP"
                          },
                          {
                            "container_port": 1099,
                            "host_ip": "",
                            "host_port": 0,
                            "name": "slave",
                            "protocol": "TCP"
                          }
                        ],
                        "readiness_probe": [],
                        "resources": [
                          {
                            "limits": {
                              "cpu": "1",
                              "memory": "1Gi"
                            },
                            "requests": {
                              "cpu": "100m",
                              "memory": "512Mi"
                            }
                          }
                        ],
                        "security_context": [],
                        "startup_probe": [],
                        "stdin": false,
                        "stdin_once": false,
                        "termination_message_path": "/dev/termination-log",
                        "termination_message_policy": "File",
                        "tty": false,
                        "volume_mount": [],
                        "working_dir": ""
                      }
                    ],
                    "dns_config": [],
                    "dns_policy": "ClusterFirst",
                    "enable_service_links": true,
                    "host_aliases": [],
                    "host_ipc": false,
                    "host_network": false,
                    "host_pid": false,
                    "hostname": "",
                    "image_pull_secrets": [],
                    "init_container": [],
                    "node_name": "",
                    "node_selector": null,
                    "priority_class_name": "",
                    "readiness_gate": [],
                    "restart_policy": "Always",
                    "security_context": [],
                    "service_account_name": "",
                    "share_process_namespace": false,
                    "subdomain": "",
                    "termination_grace_period_seconds": 30,
                    "toleration": [],
                    "topology_spread_constraint": [],
                    "volume": []
                  }
                ]
              }
            ]
          }
        ],
        "timeouts": null,
        "wait_for_rollout": true
      },
      "type": [
        "object",
        {
          "id": "string",
          "metadata": [
            "list",
            [
              "object",
              {
                "annotations": [
                  "map",
                  "string"
                ],
                "generate_name": "string",
                "generation": "number",
                "labels": [
                  "map",
                  "string"
                ],
                "name": "string",
                "namespace": "string",
                "resource_version": "string",
                "uid": "string"
              }
            ]
          ],
          "spec": [
            "list",
            [
              "object",
              {
                "min_ready_seconds": "number",
                "paused": "bool",
                "progress_deadline_seconds": "number",
                "replicas": "string",
                "revision_history_limit": "number",
                "selector": [
                  "list",
                  [
                    "object",
                    {
                      "match_expressions": [
                        "list",
                        [
                          "object",
                          {
                            "key": "string",
                            "operator": "string",
                            "values": [
                              "set",
                              "string"
                            ]
                          }
                        ]
                      ],
                      "match_labels": [
                        "map",
                        "string"
                      ]
                    }
                  ]
                ],
                "strategy": [
                  "list",
                  [
                    "object",
                    {
                      "rolling_update": [
                        "list",
                        [
                          "object",
                          {
                            "max_surge": "string",
                            "max_unavailable": "string"
                          }
                        ]
                      ],
                      "type": "string"
                    }
                  ]
                ],
                "template": [
                  "list",
                  [
                    "object",
                    {
                      "metadata": [
                        "list",
                        [
                          "object",
                          {
                            "annotations": [
                              "map",
                              "string"
                            ],
                            "generate_name": "string",
                            "generation": "number",
                            "labels": [
                              "map",
                              "string"
                            ],
                            "name": "string",
                            "namespace": "string",
                            "resource_version": "string",
                            "uid": "string"
                          }
                        ]
                      ],
                      "spec": [
                        "list",
                        [
                          "object",
                          {
                            "active_deadline_seconds": "number",
                            "affinity": [
                              "list",
                              [
                                "object",
                                {
                                  "node_affinity": [
                                    "list",
                                    [
                                      "object",
                                      {
                                        "preferred_during_scheduling_ignored_during_execution": [
                                          "list",
                                          [
                                            "object",
                                            {
                                              "preference": [
                                                "list",
                                                [
                                                  "object",
                                                  {
                                                    "match_expressions": [
                                                      "list",
                                                      [
                                                        "object",
                                                        {
                                                          "key": "string",
                                                          "operator": "string",
                                                          "values": [
                                                            "set",
                                                            "string"
                                                          ]
                                                        }
                                                      ]
                                                    ]
                                                  }
                                                ]
                                              ],
                                              "weight": "number"
                                            }
                                          ]
                                        ],
                                        "required_during_scheduling_ignored_during_execution": [
                                          "list",
                                          [
                                            "object",
                                            {
                                              "node_selector_term": [
                                                "list",
                                                [
                                                  "object",
                                                  {
                                                    "match_expressions": [
                                                      "list",
                                                      [
                                                        "object",
                                                        {
                                                          "key": "string",
                                                          "operator": "string",
                                                          "values": [
                                                            "set",
                                                            "string"
                                                          ]
                                                        }
                                                      ]
                                                    ]
                                                  }
                                                ]
                                              ]
                                            }
                                          ]
                                        ]
                                      }
                                    ]
                                  ],
                                  "pod_affinity": [
                                    "list",
                                    [
                                      "object",
                                      {
                                        "preferred_during_scheduling_ignored_during_execution": [
                                          "list",
                                          [
                                            "object",
                                            {
                                              "pod_affinity_term": [
                                                "list",
                                                [
                                                  "object",
                                                  {
                                                    "label_selector": [
                                                      "list",
                                                      [
                                                        "object",
                                                        {
                                                          "match_expressions": [
                                                            "list",
                                                            [
                                                              "object",
                                                              {
                                                                "key": "string",
                                                                "operator": "string",
                                                                "values": [
                                                                  "set",
                                                                  "string"
                                                                ]
                                                              }
                                                            ]
                                                          ],
                                                          "match_labels": [
                                                            "map",
                                                            "string"
                                                          ]
                                                        }
                                                      ]
                                                    ],
                                                    "namespaces": [
                                                      "set",
                                                      "string"
                                                    ],
                                                    "topology_key": "string"
                                                  }
                                                ]
                                              ],
                                              "weight": "number"
                                            }
                                          ]
                                        ],
                                        "required_during_scheduling_ignored_during_execution": [
                                          "list",
                                          [
                                            "object",
                                            {
                                              "label_selector": [
                                                "list",
                                                [
                                                  "object",
                                                  {
                                                    "match_expressions": [
                                                      "list",
                                                      [
                                                        "object",
                                                        {
                                                          "key": "string",
                                                          "operator": "string",
                                                          "values": [
                                                            "set",
                                                            "string"
                                                          ]
                                                        }
                                                      ]
                                                    ],
                                                    "match_labels": [
                                                      "map",
                                                      "string"
                                                    ]
                                                  }
                                                ]
                                              ],
                                              "namespaces": [
                                                "set",
                                                "string"
                                              ],
                                              "topology_key": "string"
                                            }
                                          ]
                                        ]
                                      }
                                    ]
                                  ],
                                  "pod_anti_affinity": [
                                    "list",
                                    [
                                      "object",
                                      {
                                        "preferred_during_scheduling_ignored_during_execution": [
                                          "list",
                                          [
                                            "object",
                                            {
                                              "pod_affinity_term": [
                                                "list",
                                                [
                                                  "object",
                                                  {
                                                    "label_selector": [
                                                      "list",
                                                      [
                                                        "object",
                                                        {
                                                          "match_expressions": [
                                                            "list",
                                                            [
                                                              "object",
                                                              {
                                                                "key": "string",
                                                                "operator": "string",
                                                                "values": [
                                                                  "set",
                                                                  "string"
                                                                ]
                                                              }
                                                            ]
                                                          ],
                                                          "match_labels": [
                                                            "map",
                                                            "string"
                                                          ]
                                                        }
                                                      ]
                                                    ],
                                                    "namespaces": [
                                                      "set",
                                                      "string"
                                                    ],
                                                    "topology_key": "string"
                                                  }
                                                ]
                                              ],
                                              "weight": "number"
                                            }
                                          ]
                                        ],
                                        "required_during_scheduling_ignored_during_execution": [
                                          "list",
                                          [
                                            "object",
                                            {
                                              "label_selector": [
                                                "list",
                                                [
                                                  "object",
                                                  {
                                                    "match_expressions": [
                                                      "list",
                                                      [
                                                        "object",
                                                        {
                                                          "key": "string",
                                                          "operator": "string",
                                                          "values": [
                                                            "set",
                                                            "string"
                                                          ]
                                                        }
                                                      ]
                                                    ],
                                                    "match_labels": [
                                                      "map",
                                                      "string"
                                                    ]
                                                  }
                                                ]
                                              ],
                                              "namespaces": [
                                                "set",
                                                "string"
                                              ],
                                              "topology_key": "string"
                                            }
                                          ]
                                        ]
                                      }
                                    ]
                                  ]
                                }
                              ]
                            ],
                            "automount_service_account_token": "bool",
                            "container": [
                              "list",
                              [
                                "object",
                                {
                                  "args": [
                                    "list",
                                    "string"
                                  ],
                                  "command": [
                                    "list",
                                    "string"
                                  ],
                                  "env": [
                                    "list",
                                    [
                                      "object",
                                      {
                                        "name": "string",
                                        "value": "string",
                                        "value_from": [
                                          "list",
                                          [
                                            "object",
                                            {
                                              "config_map_key_ref": [
                                                "list",
                                                [
                                                  "object",
                                                  {
                                                    "key": "string",
                                                    "name": "string",
                                                    "optional": "bool"
                                                  }
                                                ]
                                              ],
                                              "field_ref": [
                                                "list",
                                                [
                                                  "object",
                                                  {
                                                    "api_version": "string",
                                                    "field_path": "string"
                                                  }
                                                ]
                                              ],
                                              "resource_field_ref": [
                                                "list",
                                                [
                                                  "object",
                                                  {
                                                    "container_name": "string",
                                                    "divisor": "string",
                                                    "resource": "string"
                                                  }
                                                ]
                                              ],
                                              "secret_key_ref": [
                                                "list",
                                                [
                                                  "object",
                                                  {
                                                    "key": "string",
                                                    "name": "string",
                                                    "optional": "bool"
                                                  }
                                                ]
                                              ]
                                            }
                                          ]
                                        ]
                                      }
                                    ]
                                  ],
                                  "env_from": [
                                    "list",
                                    [
                                      "object",
                                      {
                                        "config_map_ref": [
                                          "list",
                                          [
                                            "object",
                                            {
                                              "name": "string",
                                              "optional": "bool"
                                            }
                                          ]
                                        ],
                                        "prefix": "string",
                                        "secret_ref": [
                                          "list",
                                          [
                                            "object",
                                            {
                                              "name": "string",
                                              "optional": "bool"
                                            }
                                          ]
                                        ]
                                      }
                                    ]
                                  ],
                                  "image": "string",
                                  "image_pull_policy": "string",
                                  "lifecycle": [
                                    "list",
                                    [
                                      "object",
                                      {
                                        "post_start": [
                                          "list",
                                          [
                                            "object",
                                            {
                                              "exec": [
                                                "list",
                                                [
                                                  "object",
                                                  {
                                                    "command": [
                                                      "list",
                                                      "string"
                                                    ]
                                                  }
                                                ]
                                              ],
                                              "http_get": [
                                                "list",
                                                [
                                                  "object",
                                                  {
                                                    "host": "string",
                                                    "http_header": [
                                                      "list",
                                                      [
                                                        "object",
                                                        {
                                                          "name": "string",
                                                          "value": "string"
                                                        }
                                                      ]
                                                    ],
                                                    "path": "string",
                                                    "port": "string",
                                                    "scheme": "string"
                                                  }
                                                ]
                                              ],
                                              "tcp_socket": [
                                                "list",
                                                [
                                                  "object",
                                                  {
                                                    "port": "string"
                                                  }
                                                ]
                                              ]
                                            }
                                          ]
                                        ],
                                        "pre_stop": [
                                          "list",
                                          [
                                            "object",
                                            {
                                              "exec": [
                                                "list",
                                                [
                                                  "object",
                                                  {
                                                    "command": [
                                                      "list",
                                                      "string"
                                                    ]
                                                  }
                                                ]
                                              ],
                                              "http_get": [
                                                "list",
                                                [
                                                  "object",
                                                  {
                                                    "host": "string",
                                                    "http_header": [
                                                      "list",
                                                      [
                                                        "object",
                                                        {
                                                          "name": "string",
                                                          "value": "string"
                                                        }
                                                      ]
                                                    ],
                                                    "path": "string",
                                                    "port": "string",
                                                    "scheme": "string"
                                                  }
                                                ]
                                              ],
                                              "tcp_socket": [
                                                "list",
                                                [
                                                  "object",
                                                  {
                                                    "port": "string"
                                                  }
                                                ]
                                              ]
                                            }
                                          ]
                                        ]
                                      }
                                    ]
                                  ],
                                  "liveness_probe": [
                                    "list",
                                    [
                                      "object",
                                      {
                                        "exec": [
                                          "list",
                                          [
                                            "object",
                                            {
                                              "command": [
                                                "list",
                                                "string"
                                              ]
                                            }
                                          ]
                                        ],
                                        "failure_threshold": "number",
                                        "http_get": [
                                          "list",
                                          [
                                            "object",
                                            {
                                              "host": "string",
                                              "http_header": [
                                                "list",
                                                [
                                                  "object",
                                                  {
                                                    "name": "string",
                                                    "value": "string"
                                                  }
                                                ]
                                              ],
                                              "path": "string",
                                              "port": "string",
                                              "scheme": "string"
                                            }
                                          ]
                                        ],
                                        "initial_delay_seconds": "number",
                                        "period_seconds": "number",
                                        "success_threshold": "number",
                                        "tcp_socket": [
                                          "list",
                                          [
                                            "object",
                                            {
                                              "port": "string"
                                            }
                                          ]
                                        ],
                                        "timeout_seconds": "number"
                                      }
                                    ]
                                  ],
                                  "name": "string",
                                  "port": [
                                    "list",
                                    [
                                      "object",
                                      {
                                        "container_port": "number",
                                        "host_ip": "string",
                                        "host_port": "number",
                                        "name": "string",
                                        "protocol": "string"
                                      }
                                    ]
                                  ],
                                  "readiness_probe": [
                                    "list",
                                    [
                                      "object",
                                      {
                                        "exec": [
                                          "list",
                                          [
                                            "object",
                                            {
                                              "command": [
                                                "list",
                                                "string"
                                              ]
                                            }
                                          ]
                                        ],
                                        "failure_threshold": "number",
                                        "http_get": [
                                          "list",
                                          [
                                            "object",
                                            {
                                              "host": "string",
                                              "http_header": [
                                                "list",
                                                [
                                                  "object",
                                                  {
                                                    "name": "string",
                                                    "value": "string"
                                                  }
                                                ]
                                              ],
                                              "path": "string",
                                              "port": "string",
                                              "scheme": "string"
                                            }
                                          ]
                                        ],
                                        "initial_delay_seconds": "number",
                                        "period_seconds": "number",
                                        "success_threshold": "number",
                                        "tcp_socket": [
                                          "list",
                                          [
                                            "object",
                                            {
                                              "port": "string"
                                            }
                                          ]
                                        ],
                                        "timeout_seconds": "number"
                                      }
                                    ]
                                  ],
                                  "resources": [
                                    "list",
                                    [
                                      "object",
                                      {
                                        "limits": [
                                          "map",
                                          "string"
                                        ],
                                        "requests": [
                                          "map",
                                          "string"
                                        ]
                                      }
                                    ]
                                  ],
                                  "security_context": [
                                    "list",
                                    [
                                      "object",
                                      {
                                        "allow_privilege_escalation": "bool",
                                        "capabilities": [
                                          "list",
                                          [
                                            "object",
                                            {
                                              "add": [
                                                "list",
                                                "string"
                                              ],
                                              "drop": [
                                                "list",
                                                "string"
                                              ]
                                            }
                                          ]
                                        ],
                                        "privileged": "bool",
                                        "read_only_root_filesystem": "bool",
                                        "run_as_group": "string",
                                        "run_as_non_root": "bool",
                                        "run_as_user": "string",
                                        "se_linux_options": [
                                          "list",
                                          [
                                            "object",
                                            {
                                              "level": "string",
                                              "role": "string",
                                              "type": "string",
                                              "user": "string"
                                            }
                                          ]
                                        ]
                                      }
                                    ]
                                  ],
                                  "startup_probe": [
                                    "list",
                                    [
                                      "object",
                                      {
                                        "exec": [
                                          "list",
                                          [
                                            "object",
                                            {
                                              "command": [
                                                "list",
                                                "string"
                                              ]
                                            }
                                          ]
                                        ],
                                        "failure_threshold": "number",
                                        "http_get": [
                                          "list",
                                          [
                                            "object",
                                            {
                                              "host": "string",
                                              "http_header": [
                                                "list",
                                                [
                                                  "object",
                                                  {
                                                    "name": "string",
                                                    "value": "string"
                                                  }
                                                ]
                                              ],
                                              "path": "string",
                                              "port": "string",
                                              "scheme": "string"
                                            }
                                          ]
                                        ],
                                        "initial_delay_seconds": "number",
                                        "period_seconds": "number",
                                        "success_threshold": "number",
                                        "tcp_socket": [
                                          "list",
                                          [
                                            "object",
                                            {
                                              "port": "string"
                                            }
                                          ]
                                        ],
                                        "timeout_seconds": "number"
                                      }
                                    ]
                                  ],
                                  "stdin": "bool",
                                  "stdin_once": "bool",
                                  "termination_message_path": "string",
                                  "termination_message_policy": "string",
                                  "tty": "bool",
                                  "volume_mount": [
                                    "list",
                                    [
                                      "object",
                                      {
                                        "mount_path": "string",
                                        "mount_propagation": "string",
                                        "name": "string",
                                        "read_only": "bool",
                                        "sub_path": "string"
                                      }
                                    ]
                                  ],
                                  "working_dir": "string"
                                }
                              ]
                            ],
                            "dns_config": [
                              "list",
                              [
                                "object",
                                {
                                  "nameservers": [
                                    "list",
                                    "string"
                                  ],
                                  "option": [
                                    "list",
                                    [
                                      "object",
                                      {
                                        "name": "string",
                                        "value": "string"
                                      }
                                    ]
                                  ],
                                  "searches": [
                                    "list",
                                    "string"
                                  ]
                                }
                              ]
                            ],
                            "dns_policy": "string",
                            "enable_service_links": "bool",
                            "host_aliases": [
                              "list",
                              [
                                "object",
                                {
                                  "hostnames": [
                                    "list",
                                    "string"
                                  ],
                                  "ip": "string"
                                }
                              ]
                            ],
                            "host_ipc": "bool",
                            "host_network": "bool",
                            "host_pid": "bool",
                            "hostname": "string",
                            "image_pull_secrets": [
                              "list",
                              [
                                "object",
                                {
                                  "name": "string"
                                }
                              ]
                            ],
                            "init_container": [
                              "list",
                              [
                                "object",
                                {
                                  "args": [
                                    "list",
                                    "string"
                                  ],
                                  "command": [
                                    "list",
                                    "string"
                                  ],
                                  "env": [
                                    "list",
                                    [
                                      "object",
                                      {
                                        "name": "string",
                                        "value": "string",
                                        "value_from": [
                                          "list",
                                          [
                                            "object",
                                            {
                                              "config_map_key_ref": [
                                                "list",
                                                [
                                                  "object",
                                                  {
                                                    "key": "string",
                                                    "name": "string",
                                                    "optional": "bool"
                                                  }
                                                ]
                                              ],
                                              "field_ref": [
                                                "list",
                                                [
                                                  "object",
                                                  {
                                                    "api_version": "string",
                                                    "field_path": "string"
                                                  }
                                                ]
                                              ],
                                              "resource_field_ref": [
                                                "list",
                                                [
                                                  "object",
                                                  {
                                                    "container_name": "string",
                                                    "divisor": "string",
                                                    "resource": "string"
                                                  }
                                                ]
                                              ],
                                              "secret_key_ref": [
                                                "list",
                                                [
                                                  "object",
                                                  {
                                                    "key": "string",
                                                    "name": "string",
                                                    "optional": "bool"
                                                  }
                                                ]
                                              ]
                                            }
                                          ]
                                        ]
                                      }
                                    ]
                                  ],
                                  "env_from": [
                                    "list",
                                    [
                                      "object",
                                      {
                                        "config_map_ref": [
                                          "list",
                                          [
                                            "object",
                                            {
                                              "name": "string",
                                              "optional": "bool"
                                            }
                                          ]
                                        ],
                                        "prefix": "string",
                                        "secret_ref": [
                                          "list",
                                          [
                                            "object",
                                            {
                                              "name": "string",
                                              "optional": "bool"
                                            }
                                          ]
                                        ]
                                      }
                                    ]
                                  ],
                                  "image": "string",
                                  "image_pull_policy": "string",
                                  "lifecycle": [
                                    "list",
                                    [
                                      "object",
                                      {
                                        "post_start": [
                                          "list",
                                          [
                                            "object",
                                            {
                                              "exec": [
                                                "list",
                                                [
                                                  "object",
                                                  {
                                                    "command": [
                                                      "list",
                                                      "string"
                                                    ]
                                                  }
                                                ]
                                              ],
                                              "http_get": [
                                                "list",
                                                [
                                                  "object",
                                                  {
                                                    "host": "string",
                                                    "http_header": [
                                                      "list",
                                                      [
                                                        "object",
                                                        {
                                                          "name": "string",
                                                          "value": "string"
                                                        }
                                                      ]
                                                    ],
                                                    "path": "string",
                                                    "port": "string",
                                                    "scheme": "string"
                                                  }
                                                ]
                                              ],
                                              "tcp_socket": [
                                                "list",
                                                [
                                                  "object",
                                                  {
                                                    "port": "string"
                                                  }
                                                ]
                                              ]
                                            }
                                          ]
                                        ],
                                        "pre_stop": [
                                          "list",
                                          [
                                            "object",
                                            {
                                              "exec": [
                                                "list",
                                                [
                                                  "object",
                                                  {
                                                    "command": [
                                                      "list",
                                                      "string"
                                                    ]
                                                  }
                                                ]
                                              ],
                                              "http_get": [
                                                "list",
                                                [
                                                  "object",
                                                  {
                                                    "host": "string",
                                                    "http_header": [
                                                      "list",
                                                      [
                                                        "object",
                                                        {
                                                          "name": "string",
                                                          "value": "string"
                                                        }
                                                      ]
                                                    ],
                                                    "path": "string",
                                                    "port": "string",
                                                    "scheme": "string"
                                                  }
                                                ]
                                              ],
                                              "tcp_socket": [
                                                "list",
                                                [
                                                  "object",
                                                  {
                                                    "port": "string"
                                                  }
                                                ]
                                              ]
                                            }
                                          ]
                                        ]
                                      }
                                    ]
                                  ],
                                  "liveness_probe": [
                                    "list",
                                    [
                                      "object",
                                      {
                                        "exec": [
                                          "list",
                                          [
                                            "object",
                                            {
                                              "command": [
                                                "list",
                                                "string"
                                              ]
                                            }
                                          ]
                                        ],
                                        "failure_threshold": "number",
                                        "http_get": [
                                          "list",
                                          [
                                            "object",
                                            {
                                              "host": "string",
                                              "http_header": [
                                                "list",
                                                [
                                                  "object",
                                                  {
                                                    "name": "string",
                                                    "value": "string"
                                                  }
                                                ]
                                              ],
                                              "path": "string",
                                              "port": "string",
                                              "scheme": "string"
                                            }
                                          ]
                                        ],
                                        "initial_delay_seconds": "number",
                                        "period_seconds": "number",
                                        "success_threshold": "number",
                                        "tcp_socket": [
                                          "list",
                                          [
                                            "object",
                                            {
                                              "port": "string"
                                            }
                                          ]
                                        ],
                                        "timeout_seconds": "number"
                                      }
                                    ]
                                  ],
                                  "name": "string",
                                  "port": [
                                    "list",
                                    [
                                      "object",
                                      {
                                        "container_port": "number",
                                        "host_ip": "string",
                                        "host_port": "number",
                                        "name": "string",
                                        "protocol": "string"
                                      }
                                    ]
                                  ],
                                  "readiness_probe": [
                                    "list",
                                    [
                                      "object",
                                      {
                                        "exec": [
                                          "list",
                                          [
                                            "object",
                                            {
                                              "command": [
                                                "list",
                                                "string"
                                              ]
                                            }
                                          ]
                                        ],
                                        "failure_threshold": "number",
                                        "http_get": [
                                          "list",
                                          [
                                            "object",
                                            {
                                              "host": "string",
                                              "http_header": [
                                                "list",
                                                [
                                                  "object",
                                                  {
                                                    "name": "string",
                                                    "value": "string"
                                                  }
                                                ]
                                              ],
                                              "path": "string",
                                              "port": "string",
                                              "scheme": "string"
                                            }
                                          ]
                                        ],
                                        "initial_delay_seconds": "number",
                                        "period_seconds": "number",
                                        "success_threshold": "number",
                                        "tcp_socket": [
                                          "list",
                                          [
                                            "object",
                                            {
                                              "port": "string"
                                            }
                                          ]
                                        ],
                                        "timeout_seconds": "number"
                                      }
                                    ]
                                  ],
                                  "resources": [
                                    "list",
                                    [
                                      "object",
                                      {
                                        "limits": [
                                          "map",
                                          "string"
                                        ],
                                        "requests": [
                                          "map",
                                          "string"
                                        ]
                                      }
                                    ]
                                  ],
                                  "security_context": [
                                    "list",
                                    [
                                      "object",
                                      {
                                        "allow_privilege_escalation": "bool",
                                        "capabilities": [
                                          "list",
                                          [
                                            "object",
                                            {
                                              "add": [
                                                "list",
                                                "string"
                                              ],
                                              "drop": [
                                                "list",
                                                "string"
                                              ]
                                            }
                                          ]
                                        ],
                                        "privileged": "bool",
                                        "read_only_root_filesystem": "bool",
                                        "run_as_group": "string",
                                        "run_as_non_root": "bool",
                                        "run_as_user": "string",
                                        "se_linux_options": [
                                          "list",
                                          [
                                            "object",
                                            {
                                              "level": "string",
                                              "role": "string",
                                              "type": "string",
                                              "user": "string"
                                            }
                                          ]
                                        ]
                                      }
                                    ]
                                  ],
                                  "startup_probe": [
                                    "list",
                                    [
                                      "object",
                                      {
                                        "exec": [
                                          "list",
                                          [
                                            "object",
                                            {
                                              "command": [
                                                "list",
                                                "string"
                                              ]
                                            }
                                          ]
                                        ],
                                        "failure_threshold": "number",
                                        "http_get": [
                                          "list",
                                          [
                                            "object",
                                            {
                                              "host": "string",
                                              "http_header": [
                                                "list",
                                                [
                                                  "object",
                                                  {
                                                    "name": "string",
                                                    "value": "string"
                                                  }
                                                ]
                                              ],
                                              "path": "string",
                                              "port": "string",
                                              "scheme": "string"
                                            }
                                          ]
                                        ],
                                        "initial_delay_seconds": "number",
                                        "period_seconds": "number",
                                        "success_threshold": "number",
                                        "tcp_socket": [
                                          "list",
                                          [
                                            "object",
                                            {
                                              "port": "string"
                                            }
                                          ]
                                        ],
                                        "timeout_seconds": "number"
                                      }
                                    ]
                                  ],
                                  "stdin": "bool",
                                  "stdin_once": "bool",
                                  "termination_message_path": "string",
                                  "termination_message_policy": "string",
                                  "tty": "bool",
                                  "volume_mount": [
                                    "list",
                                    [
                                      "object",
                                      {
                                        "mount_path": "string",
                                        "mount_propagation": "string",
                                        "name": "string",
                                        "read_only": "bool",
                                        "sub_path": "string"
                                      }
                                    ]
                                  ],
                                  "working_dir": "string"
                                }
                              ]
                            ],
                            "node_name": "string",
                            "node_selector": [
                              "map",
                              "string"
                            ],
                            "priority_class_name": "string",
                            "readiness_gate": [
                              "list",
                              [
                                "object",
                                {
                                  "condition_type": "string"
                                }
                              ]
                            ],
                            "restart_policy": "string",
                            "security_context": [
                              "list",
                              [
                                "object",
                                {
                                  "fs_group": "string",
                                  "run_as_group": "string",
                                  "run_as_non_root": "bool",
                                  "run_as_user": "string",
                                  "se_linux_options": [
                                    "list",
                                    [
                                      "object",
                                      {
                                        "level": "string",
                                        "role": "string",
                                        "type": "string",
                                        "user": "string"
                                      }
                                    ]
                                  ],
                                  "supplemental_groups": [
                                    "set",
                                    "number"
                                  ],
                                  "sysctl": [
                                    "list",
                                    [
                                      "object",
                                      {
                                        "name": "string",
                                        "value": "string"
                                      }
                                    ]
                                  ]
                                }
                              ]
                            ],
                            "service_account_name": "string",
                            "share_process_namespace": "bool",
                            "subdomain": "string",
                            "termination_grace_period_seconds": "number",
                            "toleration": [
                              "list",
                              [
                                "object",
                                {
                                  "effect": "string",
                                  "key": "string",
                                  "operator": "string",
                                  "toleration_seconds": "string",
                                  "value": "string"
                                }
                              ]
                            ],
                            "topology_spread_constraint": [
                              "list",
                              [
                                "object",
                                {
                                  "label_selector": [
                                    "list",
                                    [
                                      "object",
                                      {
                                        "match_expressions": [
                                          "list",
                                          [
                                            "object",
                                            {
                                              "key": "string",
                                              "operator": "string",
                                              "values": [
                                                "set",
                                                "string"
                                              ]
                                            }
                                          ]
                                        ],
                                        "match_labels": [
                                          "map",
                                          "string"
                                        ]
                                      }
                                    ]
                                  ],
                                  "max_skew": "number",
                                  "topology_key": "string",
                                  "when_unsatisfiable": "string"
                                }
                              ]
                            ],
                            "volume": [
                              "list",
                              [
                                "object",
                                {
                                  "aws_elastic_block_store": [
                                    "list",
                                    [
                                      "object",
                                      {
                                        "fs_type": "string",
                                        "partition": "number",
                                        "read_only": "bool",
                                        "volume_id": "string"
                                      }
                                    ]
                                  ],
                                  "azure_disk": [
                                    "list",
                                    [
                                      "object",
                                      {
                                        "caching_mode": "string",
                                        "data_disk_uri": "string",
                                        "disk_name": "string",
                                        "fs_type": "string",
                                        "kind": "string",
                                        "read_only": "bool"
                                      }
                                    ]
                                  ],
                                  "azure_file": [
                                    "list",
                                    [
                                      "object",
                                      {
                                        "read_only": "bool",
                                        "secret_name": "string",
                                        "secret_namespace": "string",
                                        "share_name": "string"
                                      }
                                    ]
                                  ],
                                  "ceph_fs": [
                                    "list",
                                    [
                                      "object",
                                      {
                                        "monitors": [
                                          "set",
                                          "string"
                                        ],
                                        "path": "string",
                                        "read_only": "bool",
                                        "secret_file": "string",
                                        "secret_ref": [
                                          "list",
                                          [
                                            "object",
                                            {
                                              "name": "string",
                                              "namespace": "string"
                                            }
                                          ]
                                        ],
                                        "user": "string"
                                      }
                                    ]
                                  ],
                                  "cinder": [
                                    "list",
                                    [
                                      "object",
                                      {
                                        "fs_type": "string",
                                        "read_only": "bool",
                                        "volume_id": "string"
                                      }
                                    ]
                                  ],
                                  "config_map": [
                                    "list",
                                    [
                                      "object",
                                      {
                                        "default_mode": "string",
                                        "items": [
                                          "list",
                                          [
                                            "object",
                                            {
                                              "key": "string",
                                              "mode": "string",
                                              "path": "string"
                                            }
                                          ]
                                        ],
                                        "name": "string",
                                        "optional": "bool"
                                      }
                                    ]
                                  ],
                                  "csi": [
                                    "list",
                                    [
                                      "object",
                                      {
                                        "controller_expand_secret_ref": [
                                          "list",
                                          [
                                            "object",
                                            {
                                              "name": "string",
                                              "namespace": "string"
                                            }
                                          ]
                                        ],
                                        "controller_publish_secret_ref": [
                                          "list",
                                          [
                                            "object",
                                            {
                                              "name": "string",
                                              "namespace": "string"
                                            }
                                          ]
                                        ],
                                        "driver": "string",
                                        "fs_type": "string",
                                        "node_publish_secret_ref": [
                                          "list",
                                          [
                                            "object",
                                            {
                                              "name": "string",
                                              "namespace": "string"
                                            }
                                          ]
                                        ],
                                        "node_stage_secret_ref": [
                                          "list",
                                          [
                                            "object",
                                            {
                                              "name": "string",
                                              "namespace": "string"
                                            }
                                          ]
                                        ],
                                        "read_only": "bool",
                                        "volume_attributes": [
                                          "map",
                                          "string"
                                        ],
                                        "volume_handle": "string"
                                      }
                                    ]
                                  ],
                                  "downward_api": [
                                    "list",
                                    [
                                      "object",
                                      {
                                        "default_mode": "string",
                                        "items": [
                                          "list",
                                          [
                                            "object",
                                            {
                                              "field_ref": [
                                                "list",
                                                [
                                                  "object",
                                                  {
                                                    "api_version": "string",
                                                    "field_path": "string"
                                                  }
                                                ]
                                              ],
                                              "mode": "string",
                                              "path": "string",
                                              "resource_field_ref": [
                                                "list",
                                                [
                                                  "object",
                                                  {
                                                    "container_name": "string",
                                                    "divisor": "string",
                                                    "resource": "string"
                                                  }
                                                ]
                                              ]
                                            }
                                          ]
                                        ]
                                      }
                                    ]
                                  ],
                                  "empty_dir": [
                                    "list",
                                    [
                                      "object",
                                      {
                                        "medium": "string",
                                        "size_limit": "string"
                                      }
                                    ]
                                  ],
                                  "fc": [
                                    "list",
                                    [
                                      "object",
                                      {
                                        "fs_type": "string",
                                        "lun": "number",
                                        "read_only": "bool",
                                        "target_ww_ns": [
                                          "set",
                                          "string"
                                        ]
                                      }
                                    ]
                                  ],
                                  "flex_volume": [
                                    "list",
                                    [
                                      "object",
                                      {
                                        "driver": "string",
                                        "fs_type": "string",
                                        "options": [
                                          "map",
                                          "string"
                                        ],
                                        "read_only": "bool",
                                        "secret_ref": [
                                          "list",
                                          [
                                            "object",
                                            {
                                              "name": "string",
                                              "namespace": "string"
                                            }
                                          ]
                                        ]
                                      }
                                    ]
                                  ],
                                  "flocker": [
                                    "list",
                                    [
                                      "object",
                                      {
                                        "dataset_name": "string",
                                        "dataset_uuid": "string"
                                      }
                                    ]
                                  ],
                                  "gce_persistent_disk": [
                                    "list",
                                    [
                                      "object",
                                      {
                                        "fs_type": "string",
                                        "partition": "number",
                                        "pd_name": "string",
                                        "read_only": "bool"
                                      }
                                    ]
                                  ],
                                  "git_repo": [
                                    "list",
                                    [
                                      "object",
                                      {
                                        "directory": "string",
                                        "repository": "string",
                                        "revision": "string"
                                      }
                                    ]
                                  ],
                                  "glusterfs": [
                                    "list",
                                    [
                                      "object",
                                      {
                                        "endpoints_name": "string",
                                        "path": "string",
                                        "read_only": "bool"
                                      }
                                    ]
                                  ],
                                  "host_path": [
                                    "list",
                                    [
                                      "object",
                                      {
                                        "path": "string",
                                        "type": "string"
                                      }
                                    ]
                                  ],
                                  "iscsi": [
                                    "list",
                                    [
                                      "object",
                                      {
                                        "fs_type": "string",
                                        "iqn": "string",
                                        "iscsi_interface": "string",
                                        "lun": "number",
                                        "read_only": "bool",
                                        "target_portal": "string"
                                      }
                                    ]
                                  ],
                                  "local": [
                                    "list",
                                    [
                                      "object",
                                      {
                                        "path": "string"
                                      }
                                    ]
                                  ],
                                  "name": "string",
                                  "nfs": [
                                    "list",
                                    [
                                      "object",
                                      {
                                        "path": "string",
                                        "read_only": "bool",
                                        "server": "string"
                                      }
                                    ]
                                  ],
                                  "persistent_volume_claim": [
                                    "list",
                                    [
                                      "object",
                                      {
                                        "claim_name": "string",
                                        "read_only": "bool"
                                      }
                                    ]
                                  ],
                                  "photon_persistent_disk": [
                                    "list",
                                    [
                                      "object",
                                      {
                                        "fs_type": "string",
                                        "pd_id": "string"
                                      }
                                    ]
                                  ],
                                  "projected": [
                                    "list",
                                    [
                                      "object",
                                      {
                                        "default_mode": "string",
                                        "sources": [
                                          "list",
                                          [
                                            "object",
                                            {
                                              "config_map": [
                                                "list",
                                                [
                                                  "object",
                                                  {
                                                    "items": [
                                                      "list",
                                                      [
                                                        "object",
                                                        {
                                                          "key": "string",
                                                          "mode": "string",
                                                          "path": "string"
                                                        }
                                                      ]
                                                    ],
                                                    "name": "string",
                                                    "optional": "bool"
                                                  }
                                                ]
                                              ],
                                              "downward_api": [
                                                "list",
                                                [
                                                  "object",
                                                  {
                                                    "items": [
                                                      "list",
                                                      [
                                                        "object",
                                                        {
                                                          "field_ref": [
                                                            "list",
                                                            [
                                                              "object",
                                                              {
                                                                "api_version": "string",
                                                                "field_path": "string"
                                                              }
                                                            ]
                                                          ],
                                                          "mode": "string",
                                                          "path": "string",
                                                          "resource_field_ref": [
                                                            "list",
                                                            [
                                                              "object",
                                                              {
                                                                "container_name": "string",
                                                                "divisor": "string",
                                                                "resource": "string"
                                                              }
                                                            ]
                                                          ]
                                                        }
                                                      ]
                                                    ]
                                                  }
                                                ]
                                              ],
                                              "secret": [
                                                "list",
                                                [
                                                  "object",
                                                  {
                                                    "items": [
                                                      "list",
                                                      [
                                                        "object",
                                                        {
                                                          "key": "string",
                                                          "mode": "string",
                                                          "path": "string"
                                                        }
                                                      ]
                                                    ],
                                                    "name": "string",
                                                    "optional": "bool"
                                                  }
                                                ]
                                              ],
                                              "service_account_token": [
                                                "list",
                                                [
                                                  "object",
                                                  {
                                                    "audience": "string",
                                                    "expiration_seconds": "number",
                                                    "path": "string"
                                                  }
                                                ]
                                              ]
                                            }
                                          ]
                                        ]
                                      }
                                    ]
                                  ],
                                  "quobyte": [
                                    "list",
                                    [
                                      "object",
                                      {
                                        "group": "string",
                                        "read_only": "bool",
                                        "registry": "string",
                                        "user": "string",
                                        "volume": "string"
                                      }
                                    ]
                                  ],
                                  "rbd": [
                                    "list",
                                    [
                                      "object",
                                      {
                                        "ceph_monitors": [
                                          "set",
                                          "string"
                                        ],
                                        "fs_type": "string",
                                        "keyring": "string",
                                        "rados_user": "string",
                                        "rbd_image": "string",
                                        "rbd_pool": "string",
                                        "read_only": "bool",
                                        "secret_ref": [
                                          "list",
                                          [
                                            "object",
                                            {
                                              "name": "string",
                                              "namespace": "string"
                                            }
                                          ]
                                        ]
                                      }
                                    ]
                                  ],
                                  "secret": [
                                    "list",
                                    [
                                      "object",
                                      {
                                        "default_mode": "string",
                                        "items": [
                                          "list",
                                          [
                                            "object",
                                            {
                                              "key": "string",
                                              "mode": "string",
                                              "path": "string"
                                            }
                                          ]
                                        ],
                                        "optional": "bool",
                                        "secret_name": "string"
                                      }
                                    ]
                                  ],
                                  "vsphere_volume": [
                                    "list",
                                    [
                                      "object",
                                      {
                                        "fs_type": "string",
                                        "volume_path": "string"
                                      }
                                    ]
                                  ]
                                }
                              ]
                            ]
                          }
                        ]
                      ]
                    }
                  ]
                ]
              }
            ]
          ],
          "timeouts": [
            "object",
            {
              "create": "string",
              "delete": "string",
              "update": "string"
            }
          ],
          "wait_for_rollout": "bool"
        }
      ]
    },
    "persistent_volume_claim": {
      "value": {
        "id": "jmeter/jmeter",
        "metadata": [
          {
            "annotations": null,
            "generate_name": "",
            "generation": 0,
            "labels": {
              "component": "storage",
              "instance": "jmeter",
              "managed-by": "terraform",
              "name": "jmeter",
              "part-of": "jmeter",
              "version": "5.4-plugins"
            },
            "name": "jmeter",
            "namespace": "jmeter",
            "resource_version": "14586",
            "uid": "68c532ad-0c3b-423c-913a-58ed706ffa10"
          }
        ],
        "spec": [
          {
            "access_modes": [
              "ReadWriteOnce"
            ],
            "resources": [
              {
                "limits": null,
                "requests": {
                  "storage": "5Gi"
                }
              }
            ],
            "selector": [],
            "storage_class_name": "standard",
            "volume_name": ""
          }
        ],
        "timeouts": null,
        "wait_until_bound": false
      },
      "type": [
        "object",
        {
          "id": "string",
          "metadata": [
            "list",
            [
              "object",
              {
                "annotations": [
                  "map",
                  "string"
                ],
                "generate_name": "string",
                "generation": "number",
                "labels": [
                  "map",
                  "string"
                ],
                "name": "string",
                "namespace": "string",
                "resource_version": "string",
                "uid": "string"
              }
            ]
          ],
          "spec": [
            "list",
            [
              "object",
              {
                "access_modes": [
                  "set",
                  "string"
                ],
                "resources": [
                  "list",
                  [
                    "object",
                    {
                      "limits": [
                        "map",
                        "string"
                      ],
                      "requests": [
                        "map",
                        "string"
                      ]
                    }
                  ]
                ],
                "selector": [
                  "list",
                  [
                    "object",
                    {
                      "match_expressions": [
                        "list",
                        [
                          "object",
                          {
                            "key": "string",
                            "operator": "string",
                            "values": [
                              "set",
                              "string"
                            ]
                          }
                        ]
                      ],
                      "match_labels": [
                        "map",
                        "string"
                      ]
                    }
                  ]
                ],
                "storage_class_name": "string",
                "volume_name": "string"
              }
            ]
          ],
          "timeouts": [
            "object",
            {
              "create": "string"
            }
          ],
          "wait_until_bound": "bool"
        }
      ]
    },
    "service": {
      "value": {
        "id": "jmeter/jmeter-slaves",
        "metadata": [
          {
            "annotations": null,
            "generate_name": "",
            "generation": 0,
            "labels": {
              "component": "network",
              "instance": "jmeter-slaves",
              "managed-by": "terraform",
              "name": "jmeter",
              "part-of": "jmeter",
              "version": "5.4-plugins"
            },
            "name": "jmeter-slaves",
            "namespace": "jmeter",
            "resource_version": "14582",
            "uid": "5f70c176-cc5f-4b3a-981b-ce96523b806a"
          }
        ],
        "spec": [
          {
            "cluster_ip": "None",
            "external_ips": null,
            "external_name": "",
            "external_traffic_policy": "",
            "health_check_node_port": 0,
            "load_balancer_ip": "",
            "load_balancer_source_ranges": null,
            "port": [
              {
                "name": "rmi",
                "node_port": 0,
                "port": 50000,
                "protocol": "TCP",
                "target_port": "rmi"
              },
              {
                "name": "slave",
                "node_port": 0,
                "port": 1099,
                "protocol": "TCP",
                "target_port": "slave"
              }
            ],
            "publish_not_ready_addresses": false,
            "selector": {
              "selector": "jmeter-slave-CRc5VgO7"
            },
            "session_affinity": "None",
            "type": "ClusterIP"
          }
        ],
        "status": [
          {
            "load_balancer": [
              {
                "ingress": []
              }
            ]
          }
        ],
        "timeouts": null,
        "wait_for_load_balancer": true
      },
      "type": [
        "object",
        {
          "id": "string",
          "metadata": [
            "list",
            [
              "object",
              {
                "annotations": [
                  "map",
                  "string"
                ],
                "generate_name": "string",
                "generation": "number",
                "labels": [
                  "map",
                  "string"
                ],
                "name": "string",
                "namespace": "string",
                "resource_version": "string",
                "uid": "string"
              }
            ]
          ],
          "spec": [
            "list",
            [
              "object",
              {
                "cluster_ip": "string",
                "external_ips": [
                  "set",
                  "string"
                ],
                "external_name": "string",
                "external_traffic_policy": "string",
                "health_check_node_port": "number",
                "load_balancer_ip": "string",
                "load_balancer_source_ranges": [
                  "set",
                  "string"
                ],
                "port": [
                  "list",
                  [
                    "object",
                    {
                      "name": "string",
                      "node_port": "number",
                      "port": "number",
                      "protocol": "string",
                      "target_port": "string"
                    }
                  ]
                ],
                "publish_not_ready_addresses": "bool",
                "selector": [
                  "map",
                  "string"
                ],
                "session_affinity": "string",
                "type": "string"
              }
            ]
          ],
          "status": [
            "list",
            [
              "object",
              {
                "load_balancer": [
                  "list",
                  [
                    "object",
                    {
                      "ingress": [
                        "list",
                        [
                          "object",
                          {
                            "hostname": "string",
                            "ip": "string"
                          }
                        ]
                      ]
                    }
                  ]
                ]
              }
            ]
          ],
          "timeouts": [
            "object",
            {
              "create": "string"
            }
          ],
          "wait_for_load_balancer": "bool"
        }
      ]
    }
  },
  "resources": [
    {
      "mode": "managed",
      "type": "kubernetes_deployment",
      "name": "slave",
      "provider": "provider[\"registry.terraform.io/hashicorp/kubernetes\"]",
      "instances": [
        {
          "schema_version": 1,
          "attributes": {
            "id": "jmeter/jmeter-slave",
            "metadata": [
              {
                "annotations": null,
                "generate_name": "",
                "generation": 1,
                "labels": {
                  "component": "slave",
                  "instance": "jmeter-slave",
                  "managed-by": "terraform",
                  "name": "jmeter",
                  "part-of": "jmeter",
                  "version": "5.4-plugins"
                },
                "name": "jmeter-slave",
                "namespace": "jmeter",
                "resource_version": "14651",
                "uid": "d3c316f4-bc79-4b24-a92a-b263e3e7adfd"
              }
            ],
            "spec": [
              {
                "min_ready_seconds": 0,
                "paused": false,
                "progress_deadline_seconds": 600,
                "replicas": "3",
                "revision_history_limit": 10,
                "selector": [
                  {
                    "match_expressions": [],
                    "match_labels": {
                      "selector": "jmeter-slave-CRc5VgO7"
                    }
                  }
                ],
                "strategy": [
                  {
                    "rolling_update": [
                      {
                        "max_surge": "25%",
                        "max_unavailable": "25%"
                      }
                    ],
                    "type": "RollingUpdate"
                  }
                ],
                "template": [
                  {
                    "metadata": [
                      {
                        "annotations": null,
                        "generate_name": "",
                        "generation": 0,
                        "labels": {
                          "component": "slave",
                          "instance": "jmeter-slave",
                          "managed-by": "terraform",
                          "name": "jmeter",
                          "part-of": "jmeter",
                          "selector": "jmeter-slave-CRc5VgO7",
                          "version": "5.4-plugins"
                        },
                        "name": "",
                        "namespace": "",
                        "resource_version": "",
                        "uid": ""
                      }
                    ],
                    "spec": [
                      {
                        "active_deadline_seconds": 0,
                        "affinity": [],
                        "automount_service_account_token": true,
                        "container": [
                          {
                            "args": [
                              "server"
                            ],
                            "command": null,
                            "env": [],
                            "env_from": [],
                            "image": "anasoid/jmeter:5.4-plugins",
                            "image_pull_policy": "IfNotPresent",
                            "lifecycle": [],
                            "liveness_probe": [],
                            "name": "jmeter-slave",
                            "port": [
                              {
                                "container_port": 50000,
                                "host_ip": "",
                                "host_port": 0,
                                "name": "rmi",
                                "protocol": "TCP"
                              },
                              {
                                "container_port": 1099,
                                "host_ip": "",
                                "host_port": 0,
                                "name": "slave",
                                "protocol": "TCP"
                              }
                            ],
                            "readiness_probe": [],
                            "resources": [
                              {
                                "limits": {
                                  "cpu": "1",
                                  "memory": "1Gi"
                                },
                                "requests": {
                                  "cpu": "100m",
                                  "memory": "512Mi"
                                }
                              }
                            ],
                            "security_context": [],
                            "startup_probe": [],
                            "stdin": false,
                            "stdin_once": false,
                            "termination_message_path": "/dev/termination-log",
                            "termination_message_policy": "File",
                            "tty": false,
                            "volume_mount": [],
                            "working_dir": ""
                          }
                        ],
                        "dns_config": [],
                        "dns_policy": "ClusterFirst",
                        "enable_service_links": true,
                        "host_aliases": [],
                        "host_ipc": false,
                        "host_network": false,
                        "host_pid": false,
                        "hostname": "",
                        "image_pull_secrets": [],
                        "init_container": [],
                        "node_name": "",
                        "node_selector": null,
                        "priority_class_name": "",
                        "readiness_gate": [],
                        "restart_policy": "Always",
                        "security_context": [],
                        "service_account_name": "",
                        "share_process_namespace": false,
                        "subdomain": "",
                        "termination_grace_period_seconds": 30,
                        "toleration": [],
                        "topology_spread_constraint": [],
                        "volume": []
                      }
                    ]
                  }
                ]
              }
            ],
            "timeouts": null,
            "wait_for_rollout": true
          },
          "sensitive_attributes": [],
          "private": "eyJlMmJmYjczMC1lY2FhLTExZTYtOGY4OC0zNDM2M2JjN2M0YzAiOnsiY3JlYXRlIjo2MDAwMDAwMDAwMDAsImRlbGV0ZSI6NjAwMDAwMDAwMDAwLCJ1cGRhdGUiOjYwMDAwMDAwMDAwMH0sInNjaGVtYV92ZXJzaW9uIjoiMSJ9",
          "dependencies": [
            "kubernetes_persistent_volume_claim.this",
            "random_string.selector"
          ]
        }
      ]
    },
    {
      "mode": "managed",
      "type": "kubernetes_namespace",
      "name": "jmeter-namespace",
      "provider": "provider[\"registry.terraform.io/hashicorp/kubernetes\"]",
      "instances": [
        {
          "schema_version": 0,
          "attributes": {
            "id": "jmeter",
            "metadata": [
              {
                "annotations": null,
                "generate_name": "",
                "generation": 0,
                "labels": null,
                "name": "jmeter",
                "resource_version": "14577",
                "uid": "953ea7c4-4e6c-4460-bc5e-890c590728bd"
              }
            ],
            "timeouts": null
          },
          "sensitive_attributes": [],
          "private": "eyJlMmJmYjczMC1lY2FhLTExZTYtOGY4OC0zNDM2M2JjN2M0YzAiOnsiZGVsZXRlIjozMDAwMDAwMDAwMDB9fQ=="
        }
      ]
    },
    {
      "mode": "managed",
      "type": "kubernetes_persistent_volume_claim",
      "name": "this",
      "provider": "provider[\"registry.terraform.io/hashicorp/kubernetes\"]",
      "instances": [
        {
          "schema_version": 0,
          "attributes": {
            "id": "jmeter/jmeter",
            "metadata": [
              {
                "annotations": null,
                "generate_name": "",
                "generation": 0,
                "labels": {
                  "component": "storage",
                  "instance": "jmeter",
                  "managed-by": "terraform",
                  "name": "jmeter",
                  "part-of": "jmeter",
                  "version": "5.4-plugins"
                },
                "name": "jmeter",
                "namespace": "jmeter",
                "resource_version": "14586",
                "uid": "68c532ad-0c3b-423c-913a-58ed706ffa10"
              }
            ],
            "spec": [
              {
                "access_modes": [
                  "ReadWriteOnce"
                ],
                "resources": [
                  {
                    "limits": null,
                    "requests": {
                      "storage": "5Gi"
                    }
                  }
                ],
                "selector": [],
                "storage_class_name": "standard",
                "volume_name": ""
              }
            ],
            "timeouts": null,
            "wait_until_bound": false
          },
          "sensitive_attributes": [],
          "private": "eyJlMmJmYjczMC1lY2FhLTExZTYtOGY4OC0zNDM2M2JjN2M0YzAiOnsiY3JlYXRlIjozMDAwMDAwMDAwMDB9fQ=="
        }
      ]
    },
    {
      "mode": "managed",
      "type": "kubernetes_pod",
      "name": "master",
      "provider": "provider[\"registry.terraform.io/hashicorp/kubernetes\"]",
      "instances": [
        {
          "schema_version": 1,
          "attributes": {
            "id": "jmeter/jmeter-master",
            "metadata": [
              {
                "annotations": null,
                "generate_name": "",
                "generation": 0,
                "labels": {
                  "component": "master",
                  "instance": "jmeter-master",
                  "managed-by": "terraform",
                  "name": "jmeter",
                  "part-of": "jmeter",
                  "version": "5.4-plugins"
                },
                "name": "jmeter-master",
                "namespace": "jmeter",
                "resource_version": "14643",
                "uid": "d7377a6a-f4f2-4e04-95b3-1ee001bb9db9"
              }
            ],
            "spec": [
              {
                "active_deadline_seconds": 0,
                "affinity": [],
                "automount_service_account_token": true,
                "container": [
                  {
                    "args": [
                      "master"
                    ],
                    "command": null,
                    "env": [],
                    "env_from": [],
                    "image": "anasoid/jmeter:5.4-plugins",
                    "image_pull_policy": "IfNotPresent",
                    "lifecycle": [],
                    "liveness_probe": [],
                    "name": "jmeter-master",
                    "port": [
                      {
                        "container_port": 60000,
                        "host_ip": "",
                        "host_port": 0,
                        "name": "",
                        "protocol": "TCP"
                      }
                    ],
                    "readiness_probe": [],
                    "resources": [
                      {
                        "limits": {
                          "cpu": "1",
                          "memory": "1Gi"
                        },
                        "requests": {
                          "cpu": "100m",
                          "memory": "512Mi"
                        }
                      }
                    ],
                    "security_context": [],
                    "startup_probe": [],
                    "stdin": false,
                    "stdin_once": false,
                    "termination_message_path": "/dev/termination-log",
                    "termination_message_policy": "File",
                    "tty": false,
                    "volume_mount": [
                      {
                        "mount_path": "/var/run/secrets/kubernetes.io/serviceaccount",
                        "mount_propagation": "",
                        "name": "kube-api-access-cg8mf",
                        "read_only": true,
                        "sub_path": ""
                      }
                    ],
                    "working_dir": ""
                  }
                ],
                "dns_config": [],
                "dns_policy": "ClusterFirst",
                "enable_service_links": true,
                "host_aliases": [],
                "host_ipc": false,
                "host_network": false,
                "host_pid": false,
                "hostname": "",
                "image_pull_secrets": [],
                "init_container": [],
                "node_name": "minikube",
                "node_selector": null,
                "priority_class_name": "",
                "readiness_gate": [],
                "restart_policy": "Always",
                "security_context": [],
                "service_account_name": "default",
                "share_process_namespace": false,
                "subdomain": "",
                "termination_grace_period_seconds": 30,
                "toleration": [],
                "topology_spread_constraint": [],
                "volume": [
                  {
                    "aws_elastic_block_store": [],
                    "azure_disk": [],
                    "azure_file": [],
                    "ceph_fs": [],
                    "cinder": [],
                    "config_map": [],
                    "csi": [],
                    "downward_api": [],
                    "empty_dir": [],
                    "fc": [],
                    "flex_volume": [],
                    "flocker": [],
                    "gce_persistent_disk": [],
                    "git_repo": [],
                    "glusterfs": [],
                    "host_path": [],
                    "iscsi": [],
                    "local": [],
                    "name": "kube-api-access-cg8mf",
                    "nfs": [],
                    "persistent_volume_claim": [],
                    "photon_persistent_disk": [],
                    "projected": [
                      {
                        "default_mode": "0644",
                        "sources": [
                          {
                            "config_map": [],
                            "downward_api": [],
                            "secret": [],
                            "service_account_token": [
                              {
                                "audience": "",
                                "expiration_seconds": 3607,
                                "path": "token"
                              }
                            ]
                          },
                          {
                            "config_map": [
                              {
                                "items": [
                                  {
                                    "key": "ca.crt",
                                    "mode": "",
                                    "path": "ca.crt"
                                  }
                                ],
                                "name": "kube-root-ca.crt",
                                "optional": false
                              }
                            ],
                            "downward_api": [],
                            "secret": [],
                            "service_account_token": []
                          },
                          {
                            "config_map": [],
                            "downward_api": [
                              {
                                "items": [
                                  {
                                    "field_ref": [
                                      {
                                        "api_version": "v1",
                                        "field_path": "metadata.namespace"
                                      }
                                    ],
                                    "mode": "",
                                    "path": "namespace",
                                    "resource_field_ref": []
                                  }
                                ]
                              }
                            ],
                            "secret": [],
                            "service_account_token": []
                          }
                        ]
                      }
                    ],
                    "quobyte": [],
                    "rbd": [],
                    "secret": [],
                    "vsphere_volume": []
                  }
                ]
              }
            ],
            "timeouts": null
          },
          "sensitive_attributes": [],
          "private": "eyJlMmJmYjczMC1lY2FhLTExZTYtOGY4OC0zNDM2M2JjN2M0YzAiOnsiY3JlYXRlIjozMDAwMDAwMDAwMDAsImRlbGV0ZSI6MzAwMDAwMDAwMDAwfSwic2NoZW1hX3ZlcnNpb24iOiIxIn0=",
          "dependencies": [
            "kubernetes_persistent_volume_claim.this"
          ]
        }
      ]
    },
    {
      "mode": "managed",
      "type": "kubernetes_service",
      "name": "this",
      "provider": "provider[\"registry.terraform.io/hashicorp/kubernetes\"]",
      "instances": [
        {
          "schema_version": 1,
          "attributes": {
            "id": "jmeter/jmeter-slaves",
            "metadata": [
              {
                "annotations": null,
                "generate_name": "",
                "generation": 0,
                "labels": {
                  "component": "network",
                  "instance": "jmeter-slaves",
                  "managed-by": "terraform",
                  "name": "jmeter",
                  "part-of": "jmeter",
                  "version": "5.4-plugins"
                },
                "name": "jmeter-slaves",
                "namespace": "jmeter",
                "resource_version": "14582",
                "uid": "5f70c176-cc5f-4b3a-981b-ce96523b806a"
              }
            ],
            "spec": [
              {
                "cluster_ip": "None",
                "external_ips": null,
                "external_name": "",
                "external_traffic_policy": "",
                "health_check_node_port": 0,
                "load_balancer_ip": "",
                "load_balancer_source_ranges": null,
                "port": [
                  {
                    "name": "rmi",
                    "node_port": 0,
                    "port": 50000,
                    "protocol": "TCP",
                    "target_port": "rmi"
                  },
                  {
                    "name": "slave",
                    "node_port": 0,
                    "port": 1099,
                    "protocol": "TCP",
                    "target_port": "slave"
                  }
                ],
                "publish_not_ready_addresses": false,
                "selector": {
                  "selector": "jmeter-slave-CRc5VgO7"
                },
                "session_affinity": "None",
                "type": "ClusterIP"
              }
            ],
            "status": [
              {
                "load_balancer": [
                  {
                    "ingress": []
                  }
                ]
              }
            ],
            "timeouts": null,
            "wait_for_load_balancer": true
          },
          "sensitive_attributes": [],
          "private": "eyJlMmJmYjczMC1lY2FhLTExZTYtOGY4OC0zNDM2M2JjN2M0YzAiOnsiY3JlYXRlIjo2MDAwMDAwMDAwMDB9LCJzY2hlbWFfdmVyc2lvbiI6IjEifQ==",
          "dependencies": [
            "random_string.selector"
          ]
        }
      ]
    },
    {
      "mode": "managed",
      "type": "random_string",
      "name": "selector",
      "provider": "provider[\"registry.terraform.io/hashicorp/random\"]",
      "instances": [
        {
          "schema_version": 1,
          "attributes": {
            "id": "CRc5VgO7",
            "keepers": null,
            "length": 8,
            "lower": true,
            "min_lower": 0,
            "min_numeric": 0,
            "min_special": 0,
            "min_upper": 0,
            "number": true,
            "override_special": null,
            "result": "CRc5VgO7",
            "special": false,
            "upper": true
          },
          "sensitive_attributes": [],
          "private": "eyJzY2hlbWFfdmVyc2lvbiI6IjEifQ=="
        }
      ]
    }
  ]
}
